
Microsoft Visual Studio Solution File, Format Version 12.00
# Visual Studio Version 17
VisualStudioVersion = 17.11.35312.102
MinimumVisualStudioVersion = 10.0.40219.1
Project("{9A19103F-16F7-4668-BE54-9A1E7A4F7556}") = "Data", "Data\Data.csproj", "{8A2F7A70-F15F-4F6E-AAA3-6AC2712F16FC}"
EndProject
Project("{9A19103F-16F7-4668-BE54-9A1E7A4F7556}") = "Domain", "Domain\Domain.csproj", "{0A400CDE-65D5-4FE5-8826-ACB9B5B9BD88}"
EndProject
Project("{9A19103F-16F7-4668-BE54-9A1E7A4F7556}") = "ApplicationMVC", "ApplicationMVC\ApplicationMVC.csproj", "{E4A3930A-3A45-4A69-AEE4-DF634B6AE754}"
EndProject
Global
	GlobalSection(SolutionConfigurationPlatforms) = preSolution
		Debug|Any CPU = Debug|Any CPU
		Release|Any CPU = Release|Any CPU
	EndGlobalSection
	GlobalSection(ProjectConfigurationPlatforms) = postSolution
		{8A2F7A70-F15F-4F6E-AAA3-6AC2712F16FC}.Debug|Any CPU.ActiveCfg = Debug|Any CPU
		{8A2F7A70-F15F-4F6E-AAA3-6AC2712F16FC}.Debug|Any CPU.Build.0 = Debug|Any CPU
		{8A2F7A70-F15F-4F6E-AAA3-6AC2712F16FC}.Release|Any CPU.ActiveCfg = Release|Any CPU
		{8A2F7A70-F15F-4F6E-AAA3-6AC2712F16FC}.Release|Any CPU.Build.0 = Release|Any CPU
		{0A400CDE-65D5-4FE5-8826-ACB9B5B9BD88}.Debug|Any CPU.ActiveCfg = Debug|Any CPU
		{0A400CDE-65D5-4FE5-8826-ACB9B5B9BD88}.Debug|Any CPU.Build.0 = Debug|Any CPU
		{0A400CDE-65D5-4FE5-8826-ACB9B5B9BD88}.Release|Any CPU.ActiveCfg = Release|Any CPU
		{0A400CDE-65D5-4FE5-8826-ACB9B5B9BD88}.Release|Any CPU.Build.0 = Release|Any CPU
		{E4A3930A-3A45-4A69-AEE4-DF634B6AE754}.Debug|Any CPU.ActiveCfg = Debug|Any CPU
		{E4A3930A-3A45-4A69-AEE4-DF634B6AE754}.Debug|Any CPU.Build.0 = Debug|Any CPU
		{E4A3930A-3A45-4A69-AEE4-DF634B6AE754}.Release|Any CPU.ActiveCfg = Release|Any CPU
		{E4A3930A-3A45-4A69-AEE4-DF634B6AE754}.Release|Any CPU.Build.0 = Release|Any CPU
	EndGlobalSection
	GlobalSection(SolutionProperties) = preSolution
		HideSolutionNode = FALSE
	EndGlobalSection
	GlobalSection(ExtensibilityGlobals) = postSolution
		SolutionGuid = {811150EA-EC26-4413-B06D-C12C67833C74}
	EndGlobalSection
EndGlobal
